
Microsoft Visual Studio Solution File, Format Version 12.00
Project("{FAE04EC0-301F-11D3-BF4B-00C04F79EFBC}") = "Pisstaube", "Pisstaube\Pisstaube.csproj", "{0FD66543-DBA2-4CBE-8777-2C0DF1D39A1B}"
EndProject
Project("{FAE04EC0-301F-11D3-BF4B-00C04F79EFBC}") = "Pisstaube.DatabaseRotator", "Pisstaube.DatabaseRotator\Pisstaube.DatabaseRotator.csproj", "{53997468-15EC-4F49-B2D8-10C2534AAEFD}"
EndProject
Project("{FAE04EC0-301F-11D3-BF4B-00C04F79EFBC}") = "Pisstaube.Core", "Pisstaube.Core\Pisstaube.Core.csproj", "{30DA1CC8-570A-4317-82FC-AF6DBC759FED}"
EndProject
Project("{2150E333-8FDC-42A3-9474-1A3956D46DE8}") = "Tools", "Tools", "{3B4E347A-A826-4281-A721-BE0759D5DB3C}"
EndProject
Project("{FAE04EC0-301F-11D3-BF4B-00C04F79EFBC}") = "Pisstaube.Crawler", "Pisstaube.Crawler\Pisstaube.Crawler.csproj", "{16884B08-7059-43B8-813D-8747344DA13C}"
EndProject
Project("{2150E333-8FDC-42A3-9474-1A3956D46DE8}") = "API", "API", "{EC613F03-0AD7-4782-9BAB-F5B21B666543}"
EndProject
Project("{FAE04EC0-301F-11D3-BF4B-00C04F79EFBC}") = "Pisstaube.API.Cheesegull", "Pisstaube.API.Cheesegull\Pisstaube.API.Cheesegull.csproj", "{C32B5843-CD26-4644-ACE4-7CDAF2E8DC7C}"
EndProject
Project("{FAE04EC0-301F-11D3-BF4B-00C04F79EFBC}") = "Pisstaube.API.Bloodcat", "Pisstaube.API.Bloodcat\Pisstaube.API.Bloodcat.csproj", "{BC6B334F-740A-46BD-AC0D-8C2AF6D82306}"
EndProject
Project("{FAE04EC0-301F-11D3-BF4B-00C04F79EFBC}") = "Pisstaube.API", "Pisstaube.API\Pisstaube.API.csproj", "{3C06046C-50A5-4DF5-A80F-13EB6F260D3E}"
EndProject
Global
	GlobalSection(SolutionConfigurationPlatforms) = preSolution
		Debug|Any CPU = Debug|Any CPU
		Release|Any CPU = Release|Any CPU
	EndGlobalSection
	GlobalSection(ProjectConfigurationPlatforms) = postSolution
		{0FD66543-DBA2-4CBE-8777-2C0DF1D39A1B}.Debug|Any CPU.ActiveCfg = Debug|Any CPU
		{0FD66543-DBA2-4CBE-8777-2C0DF1D39A1B}.Debug|Any CPU.Build.0 = Debug|Any CPU
		{0FD66543-DBA2-4CBE-8777-2C0DF1D39A1B}.Release|Any CPU.ActiveCfg = Release|Any CPU
		{0FD66543-DBA2-4CBE-8777-2C0DF1D39A1B}.Release|Any CPU.Build.0 = Release|Any CPU
		{53997468-15EC-4F49-B2D8-10C2534AAEFD}.Debug|Any CPU.ActiveCfg = Debug|Any CPU
		{53997468-15EC-4F49-B2D8-10C2534AAEFD}.Debug|Any CPU.Build.0 = Debug|Any CPU
		{53997468-15EC-4F49-B2D8-10C2534AAEFD}.Release|Any CPU.ActiveCfg = Release|Any CPU
		{53997468-15EC-4F49-B2D8-10C2534AAEFD}.Release|Any CPU.Build.0 = Release|Any CPU
		{30DA1CC8-570A-4317-82FC-AF6DBC759FED}.Debug|Any CPU.ActiveCfg = Debug|Any CPU
		{30DA1CC8-570A-4317-82FC-AF6DBC759FED}.Debug|Any CPU.Build.0 = Debug|Any CPU
		{30DA1CC8-570A-4317-82FC-AF6DBC759FED}.Release|Any CPU.ActiveCfg = Release|Any CPU
		{30DA1CC8-570A-4317-82FC-AF6DBC759FED}.Release|Any CPU.Build.0 = Release|Any CPU
		{16884B08-7059-43B8-813D-8747344DA13C}.Debug|Any CPU.ActiveCfg = Debug|Any CPU
		{16884B08-7059-43B8-813D-8747344DA13C}.Debug|Any CPU.Build.0 = Debug|Any CPU
		{16884B08-7059-43B8-813D-8747344DA13C}.Release|Any CPU.ActiveCfg = Release|Any CPU
		{16884B08-7059-43B8-813D-8747344DA13C}.Release|Any CPU.Build.0 = Release|Any CPU
		{C32B5843-CD26-4644-ACE4-7CDAF2E8DC7C}.Debug|Any CPU.ActiveCfg = Debug|Any CPU
		{C32B5843-CD26-4644-ACE4-7CDAF2E8DC7C}.Debug|Any CPU.Build.0 = Debug|Any CPU
		{C32B5843-CD26-4644-ACE4-7CDAF2E8DC7C}.Release|Any CPU.ActiveCfg = Release|Any CPU
		{C32B5843-CD26-4644-ACE4-7CDAF2E8DC7C}.Release|Any CPU.Build.0 = Release|Any CPU
		{BC6B334F-740A-46BD-AC0D-8C2AF6D82306}.Debug|Any CPU.ActiveCfg = Debug|Any CPU
		{BC6B334F-740A-46BD-AC0D-8C2AF6D82306}.Debug|Any CPU.Build.0 = Debug|Any CPU
		{BC6B334F-740A-46BD-AC0D-8C2AF6D82306}.Release|Any CPU.ActiveCfg = Release|Any CPU
		{BC6B334F-740A-46BD-AC0D-8C2AF6D82306}.Release|Any CPU.Build.0 = Release|Any CPU
		{3C06046C-50A5-4DF5-A80F-13EB6F260D3E}.Debug|Any CPU.ActiveCfg = Debug|Any CPU
		{3C06046C-50A5-4DF5-A80F-13EB6F260D3E}.Debug|Any CPU.Build.0 = Debug|Any CPU
		{3C06046C-50A5-4DF5-A80F-13EB6F260D3E}.Release|Any CPU.ActiveCfg = Release|Any CPU
		{3C06046C-50A5-4DF5-A80F-13EB6F260D3E}.Release|Any CPU.Build.0 = Release|Any CPU
	EndGlobalSection
	GlobalSection(NestedProjects) = preSolution
		{53997468-15EC-4F49-B2D8-10C2534AAEFD} = {3B4E347A-A826-4281-A721-BE0759D5DB3C}
		{16884B08-7059-43B8-813D-8747344DA13C} = {3B4E347A-A826-4281-A721-BE0759D5DB3C}
		{C32B5843-CD26-4644-ACE4-7CDAF2E8DC7C} = {EC613F03-0AD7-4782-9BAB-F5B21B666543}
		{BC6B334F-740A-46BD-AC0D-8C2AF6D82306} = {EC613F03-0AD7-4782-9BAB-F5B21B666543}
		{3C06046C-50A5-4DF5-A80F-13EB6F260D3E} = {EC613F03-0AD7-4782-9BAB-F5B21B666543}
	EndGlobalSection
EndGlobal
